<?xml version="1.0" encoding="UTF-8"?>
<Scheme
   version = "1.3">
   <BuildAction>
      <BuildActionEntries>
         <BuildActionEntry
            buildForRunning = "YES">
            <BuildableReference
               BuildableIdentifier = "primary"
               BlueprintIdentifier = "AE13881E1ECB41BD00EEF147"
               BuildableName = "learning.app"
               BlueprintName = "learning"
               ReferencedContainer = "container:learning.xcodeproj">
            </BuildableReference>
         </BuildActionEntry>
      </BuildActionEntries>
   </BuildAction>
   <LaunchAction
      useCustomWorkingDirectory = "NO"
      buildConfiguration = "Debug">
      <PathRunnable
         FilePath = "/Users/pivotal/Library/Caches/AppCode2017.1/DerivedData/learning-dswwgboisahnwabfakuzcggjetlv/Build/Products/Debug-iphonesimulator/learning.app">
      </PathRunnable>
      <CommandLineArguments>
         <CommandLineArgument
            argument = "USE_LOCALHOST"
            isEnabled = "YES">
         </CommandLineArgument>
      </CommandLineArguments>
      <EnvironmentVariables>
         <EnvironmentVariable
            key = "OS_ACTIVITY_MODE"
            value = "info"
            isEnabled = "YES">
         </EnvironmentVariable>
      </EnvironmentVariables>
   </LaunchAction>
</Scheme>
